
Microsoft Visual Studio Solution File, Format Version 12.00
# Visual Studio Version 16
VisualStudioVersion = 16.0.31424.327
MinimumVisualStudioVersion = 10.0.40219.1
Project("{FAE04EC0-301F-11D3-BF4B-00C04F79EFBC}") = "NumeroAleatorio", "NumeroAleatorio.csproj", "{A09A0CB3-9829-415B-AEC0-F16D4B986FEE}"
EndProject
Global
	GlobalSection(SolutionConfigurationPlatforms) = preSolution
		Debug|Any CPU = Debug|Any CPU
		Release|Any CPU = Release|Any CPU
	EndGlobalSection
	GlobalSection(ProjectConfigurationPlatforms) = postSolution
		{A09A0CB3-9829-415B-AEC0-F16D4B986FEE}.Debug|Any CPU.ActiveCfg = Debug|Any CPU
		{A09A0CB3-9829-415B-AEC0-F16D4B986FEE}.Debug|Any CPU.Build.0 = Debug|Any CPU
		{A09A0CB3-9829-415B-AEC0-F16D4B986FEE}.Release|Any CPU.ActiveCfg = Release|Any CPU
		{A09A0CB3-9829-415B-AEC0-F16D4B986FEE}.Release|Any CPU.Build.0 = Release|Any CPU
	EndGlobalSection
	GlobalSection(SolutionProperties) = preSolution
		HideSolutionNode = FALSE
	EndGlobalSection
	GlobalSection(ExtensibilityGlobals) = postSolution
		SolutionGuid = {85D67092-145C-48A3-91C1-F1A903E84C2D}
	EndGlobalSection
EndGlobal
